// !$*UTF8*$!
{
	archiveVersion = 1;
	classes = {
	};
	objectVersion = 56;
	objects = {

/* Begin PBXBuildFile section */
		FC0B580D2923C74400B0C0B8 /* SwiftUICombineCameraApp.swift in Sources */ = {isa = PBXBuildFile; fileRef = FC0B580C2923C74400B0C0B8 /* SwiftUICombineCameraApp.swift */; };
		FC0B580F2923C74400B0C0B8 /* ContentView.swift in Sources */ = {isa = PBXBuildFile; fileRef = FC0B580E2923C74400B0C0B8 /* ContentView.swift */; };
		FC0B58112923C74500B0C0B8 /* Assets.xcassets in Resources */ = {isa = PBXBuildFile; fileRef = FC0B58102923C74500B0C0B8 /* Assets.xcassets */; };
		FC0B58142923C74500B0C0B8 /* Preview Assets.xcassets in Resources */ = {isa = PBXBuildFile; fileRef = FC0B58132923C74500B0C0B8 /* Preview Assets.xcassets */; };
		FC0B581E2923C74500B0C0B8 /* SwiftUICombineCameraTests.swift in Sources */ = {isa = PBXBuildFile; fileRef = FC0B581D2923C74500B0C0B8 /* SwiftUICombineCameraTests.swift */; };
		FC0B58282923C74500B0C0B8 /* SwiftUICombineCameraUITests.swift in Sources */ = {isa = PBXBuildFile; fileRef = FC0B58272923C74500B0C0B8 /* SwiftUICombineCameraUITests.swift */; };
		FC0B582A2923C74500B0C0B8 /* SwiftUICombineCameraUITestsLaunchTests.swift in Sources */ = {isa = PBXBuildFile; fileRef = FC0B58292923C74500B0C0B8 /* SwiftUICombineCameraUITestsLaunchTests.swift */; };
		FC0B58382923C78600B0C0B8 /* FrameView.swift in Sources */ = {isa = PBXBuildFile; fileRef = FC0B58372923C78600B0C0B8 /* FrameView.swift */; };
		FC0B583C2923C85E00B0C0B8 /* CameraManager.swift in Sources */ = {isa = PBXBuildFile; fileRef = FC0B583B2923C85E00B0C0B8 /* CameraManager.swift */; };
		FC0B583E2923CF5500B0C0B8 /* FrameManager.swift in Sources */ = {isa = PBXBuildFile; fileRef = FC0B583D2923CF5500B0C0B8 /* FrameManager.swift */; };
		FC0B58412923D01900B0C0B8 /* ContentViewModel.swift in Sources */ = {isa = PBXBuildFile; fileRef = FC0B58402923D01900B0C0B8 /* ContentViewModel.swift */; };
/* End PBXBuildFile section */

/* Begin PBXContainerItemProxy section */
		FC0B581A2923C74500B0C0B8 /* PBXContainerItemProxy */ = {
			isa = PBXContainerItemProxy;
			containerPortal = FC0B58012923C74400B0C0B8 /* Project object */;
			proxyType = 1;
			remoteGlobalIDString = FC0B58082923C74400B0C0B8;
			remoteInfo = SwiftUICombineCamera;
		};
		FC0B58242923C74500B0C0B8 /* PBXContainerItemProxy */ = {
			isa = PBXContainerItemProxy;
			containerPortal = FC0B58012923C74400B0C0B8 /* Project object */;
			proxyType = 1;
			remoteGlobalIDString = FC0B58082923C74400B0C0B8;
			remoteInfo = SwiftUICombineCamera;
		};
/* End PBXContainerItemProxy section */

/* Begin PBXFileReference section */
		FC0B58092923C74400B0C0B8 /* SwiftUICombineCamera.app */ = {isa = PBXFileReference; explicitFileType = wrapper.application; includeInIndex = 0; path = SwiftUICombineCamera.app; sourceTree = BUILT_PRODUCTS_DIR; };
		FC0B580C2923C74400B0C0B8 /* SwiftUICombineCameraApp.swift */ = {isa = PBXFileReference; lastKnownFileType = sourcecode.swift; path = SwiftUICombineCameraApp.swift; sourceTree = "<group>"; };
		FC0B580E2923C74400B0C0B8 /* ContentView.swift */ = {isa = PBXFileReference; lastKnownFileType = sourcecode.swift; path = ContentView.swift; sourceTree = "<group>"; };
		FC0B58102923C74500B0C0B8 /* Assets.xcassets */ = {isa = PBXFileReference; lastKnownFileType = folder.assetcatalog; path = Assets.xcassets; sourceTree = "<group>"; };
		FC0B58132923C74500B0C0B8 /* Preview Assets.xcassets */ = {isa = PBXFileReference; lastKnownFileType = folder.assetcatalog; path = "Preview Assets.xcassets"; sourceTree = "<group>"; };
		FC0B58192923C74500B0C0B8 /* SwiftUICombineCameraTests.xctest */ = {isa = PBXFileReference; explicitFileType = wrapper.cfbundle; includeInIndex = 0; path = SwiftUICombineCameraTests.xctest; sourceTree = BUILT_PRODUCTS_DIR; };
		FC0B581D2923C74500B0C0B8 /* SwiftUICombineCameraTests.swift */ = {isa = PBXFileReference; lastKnownFileType = sourcecode.swift; path = SwiftUICombineCameraTests.swift; sourceTree = "<group>"; };
		FC0B58232923C74500B0C0B8 /* SwiftUICombineCameraUITests.xctest */ = {isa = PBXFileReference; explicitFileType = wrapper.cfbundle; includeInIndex = 0; path = SwiftUICombineCameraUITests.xctest; sourceTree = BUILT_PRODUCTS_DIR; };
		FC0B58272923C74500B0C0B8 /* SwiftUICombineCameraUITests.swift */ = {isa = PBXFileReference; lastKnownFileType = sourcecode.swift; path = SwiftUICombineCameraUITests.swift; sourceTree = "<group>"; };
		FC0B58292923C74500B0C0B8 /* SwiftUICombineCameraUITestsLaunchTests.swift */ = {isa = PBXFileReference; lastKnownFileType = sourcecode.swift; path = SwiftUICombineCameraUITestsLaunchTests.swift; sourceTree = "<group>"; };
		FC0B58372923C78600B0C0B8 /* FrameView.swift */ = {isa = PBXFileReference; lastKnownFileType = sourcecode.swift; path = FrameView.swift; sourceTree = "<group>"; };
		FC0B583B2923C85E00B0C0B8 /* CameraManager.swift */ = {isa = PBXFileReference; lastKnownFileType = sourcecode.swift; path = CameraManager.swift; sourceTree = "<group>"; };
		FC0B583D2923CF5500B0C0B8 /* FrameManager.swift */ = {isa = PBXFileReference; lastKnownFileType = sourcecode.swift; path = FrameManager.swift; sourceTree = "<group>"; };
		FC0B58402923D01900B0C0B8 /* ContentViewModel.swift */ = {isa = PBXFileReference; lastKnownFileType = sourcecode.swift; path = ContentViewModel.swift; sourceTree = "<group>"; };
/* End PBXFileReference section */

/* Begin PBXFrameworksBuildPhase section */
		FC0B58062923C74400B0C0B8 /* Frameworks */ = {
			isa = PBXFrameworksBuildPhase;
			buildActionMask = 2147483647;
			files = (
			);
			runOnlyForDeploymentPostprocessing = 0;
		};
		FC0B58162923C74500B0C0B8 /* Frameworks */ = {
			isa = PBXFrameworksBuildPhase;
			buildActionMask = 2147483647;
			files = (
			);
			runOnlyForDeploymentPostprocessing = 0;
		};
		FC0B58202923C74500B0C0B8 /* Frameworks */ = {
			isa = PBXFrameworksBuildPhase;
			buildActionMask = 2147483647;
			files = (
			);
			runOnlyForDeploymentPostprocessing = 0;
		};
/* End PBXFrameworksBuildPhase section */

/* Begin PBXGroup section */
		FC0B58002923C74400B0C0B8 = {
			isa = PBXGroup;
			children = (
				FC0B580B2923C74400B0C0B8 /* SwiftUICombineCamera */,
				FC0B581C2923C74500B0C0B8 /* SwiftUICombineCameraTests */,
				FC0B58262923C74500B0C0B8 /* SwiftUICombineCameraUITests */,
				FC0B580A2923C74400B0C0B8 /* Products */,
			);
			sourceTree = "<group>";
		};
		FC0B580A2923C74400B0C0B8 /* Products */ = {
			isa = PBXGroup;
			children = (
				FC0B58092923C74400B0C0B8 /* SwiftUICombineCamera.app */,
				FC0B58192923C74500B0C0B8 /* SwiftUICombineCameraTests.xctest */,
				FC0B58232923C74500B0C0B8 /* SwiftUICombineCameraUITests.xctest */,
			);
			name = Products;
			sourceTree = "<group>";
		};
		FC0B580B2923C74400B0C0B8 /* SwiftUICombineCamera */ = {
			isa = PBXGroup;
			children = (
				FC0B583F2923D00E00B0C0B8 /* ViewModels */,
				FC0B583A2923C85200B0C0B8 /* CameraModule */,
				FC0B58362923C75600B0C0B8 /* Views */,
				FC0B580C2923C74400B0C0B8 /* SwiftUICombineCameraApp.swift */,
				FC0B580E2923C74400B0C0B8 /* ContentView.swift */,
				FC0B58102923C74500B0C0B8 /* Assets.xcassets */,
				FC0B58122923C74500B0C0B8 /* Preview Content */,
			);
			path = SwiftUICombineCamera;
			sourceTree = "<group>";
		};
		FC0B58122923C74500B0C0B8 /* Preview Content */ = {
			isa = PBXGroup;
			children = (
				FC0B58132923C74500B0C0B8 /* Preview Assets.xcassets */,
			);
			path = "Preview Content";
			sourceTree = "<group>";
		};
		FC0B581C2923C74500B0C0B8 /* SwiftUICombineCameraTests */ = {
			isa = PBXGroup;
			children = (
				FC0B581D2923C74500B0C0B8 /* SwiftUICombineCameraTests.swift */,
			);
			path = SwiftUICombineCameraTests;
			sourceTree = "<group>";
		};
		FC0B58262923C74500B0C0B8 /* SwiftUICombineCameraUITests */ = {
			isa = PBXGroup;
			children = (
				FC0B58272923C74500B0C0B8 /* SwiftUICombineCameraUITests.swift */,
				FC0B58292923C74500B0C0B8 /* SwiftUICombineCameraUITestsLaunchTests.swift */,
			);
			path = SwiftUICombineCameraUITests;
			sourceTree = "<group>";
		};
		FC0B58362923C75600B0C0B8 /* Views */ = {
			isa = PBXGroup;
			children = (
				FC0B58372923C78600B0C0B8 /* FrameView.swift */,
			);
			path = Views;
			sourceTree = "<group>";
		};
		FC0B583A2923C85200B0C0B8 /* CameraModule */ = {
			isa = PBXGroup;
			children = (
				FC0B583B2923C85E00B0C0B8 /* CameraManager.swift */,
				FC0B583D2923CF5500B0C0B8 /* FrameManager.swift */,
			);
			path = CameraModule;
			sourceTree = "<group>";
		};
		FC0B583F2923D00E00B0C0B8 /* ViewModels */ = {
			isa = PBXGroup;
			children = (
				FC0B58402923D01900B0C0B8 /* ContentViewModel.swift */,
			);
			path = ViewModels;
			sourceTree = "<group>";
		};
/* End PBXGroup section */

/* Begin PBXNativeTarget section */
		FC0B58082923C74400B0C0B8 /* SwiftUICombineCamera */ = {
			isa = PBXNativeTarget;
			buildConfigurationList = FC0B582D2923C74500B0C0B8 /* Build configuration list for PBXNativeTarget "SwiftUICombineCamera" */;
			buildPhases = (
				FC0B58052923C74400B0C0B8 /* Sources */,
				FC0B58062923C74400B0C0B8 /* Frameworks */,
				FC0B58072923C74400B0C0B8 /* Resources */,
			);
			buildRules = (
			);
			dependencies = (
			);
			name = SwiftUICombineCamera;
			productName = SwiftUICombineCamera;
			productReference = FC0B58092923C74400B0C0B8 /* SwiftUICombineCamera.app */;
			productType = "com.apple.product-type.application";
		};
		FC0B58182923C74500B0C0B8 /* SwiftUICombineCameraTests */ = {
			isa = PBXNativeTarget;
			buildConfigurationList = FC0B58302923C74500B0C0B8 /* Build configuration list for PBXNativeTarget "SwiftUICombineCameraTests" */;
			buildPhases = (
				FC0B58152923C74500B0C0B8 /* Sources */,
				FC0B58162923C74500B0C0B8 /* Frameworks */,
				FC0B58172923C74500B0C0B8 /* Resources */,
			);
			buildRules = (
			);
			dependencies = (
				FC0B581B2923C74500B0C0B8 /* PBXTargetDependency */,
			);
			name = SwiftUICombineCameraTests;
			productName = SwiftUICombineCameraTests;
			productReference = FC0B58192923C74500B0C0B8 /* SwiftUICombineCameraTests.xctest */;
			productType = "com.apple.product-type.bundle.unit-test";
		};
		FC0B58222923C74500B0C0B8 /* SwiftUICombineCameraUITests */ = {
			isa = PBXNativeTarget;
			buildConfigurationList = FC0B58332923C74500B0C0B8 /* Build configuration list for PBXNativeTarget "SwiftUICombineCameraUITests" */;
			buildPhases = (
				FC0B581F2923C74500B0C0B8 /* Sources */,
				FC0B58202923C74500B0C0B8 /* Frameworks */,
				FC0B58212923C74500B0C0B8 /* Resources */,
			);
			buildRules = (
			);
			dependencies = (
				FC0B58252923C74500B0C0B8 /* PBXTargetDependency */,
			);
			name = SwiftUICombineCameraUITests;
			productName = SwiftUICombineCameraUITests;
			productReference = FC0B58232923C74500B0C0B8 /* SwiftUICombineCameraUITests.xctest */;
			productType = "com.apple.product-type.bundle.ui-testing";
		};
/* End PBXNativeTarget section */

/* Begin PBXProject section */
		FC0B58012923C74400B0C0B8 /* Project object */ = {
			isa = PBXProject;
			attributes = {
				BuildIndependentTargetsInParallel = 1;
				LastSwiftUpdateCheck = 1400;
				LastUpgradeCheck = 1400;
				TargetAttributes = {
					FC0B58082923C74400B0C0B8 = {
						CreatedOnToolsVersion = 14.0.1;
					};
					FC0B58182923C74500B0C0B8 = {
						CreatedOnToolsVersion = 14.0.1;
						TestTargetID = FC0B58082923C74400B0C0B8;
					};
					FC0B58222923C74500B0C0B8 = {
						CreatedOnToolsVersion = 14.0.1;
						TestTargetID = FC0B58082923C74400B0C0B8;
					};
				};
			};
			buildConfigurationList = FC0B58042923C74400B0C0B8 /* Build configuration list for PBXProject "SwiftUICombineCamera" */;
			compatibilityVersion = "Xcode 14.0";
			developmentRegion = en;
			hasScannedForEncodings = 0;
			knownRegions = (
				en,
				Base,
			);
			mainGroup = FC0B58002923C74400B0C0B8;
			productRefGroup = FC0B580A2923C74400B0C0B8 /* Products */;
			projectDirPath = "";
			projectRoot = "";
			targets = (
				FC0B58082923C74400B0C0B8 /* SwiftUICombineCamera */,
				FC0B58182923C74500B0C0B8 /* SwiftUICombineCameraTests */,
				FC0B58222923C74500B0C0B8 /* SwiftUICombineCameraUITests */,
			);
		};
/* End PBXProject section */

/* Begin PBXResourcesBuildPhase section */
		FC0B58072923C74400B0C0B8 /* Resources */ = {
			isa = PBXResourcesBuildPhase;
			buildActionMask = 2147483647;
			files = (
				FC0B58142923C74500B0C0B8 /* Preview Assets.xcassets in Resources */,
				FC0B58112923C74500B0C0B8 /* Assets.xcassets in Resources */,
			);
			runOnlyForDeploymentPostprocessing = 0;
		};
		FC0B58172923C74500B0C0B8 /* Resources */ = {
			isa = PBXResourcesBuildPhase;
			buildActionMask = 2147483647;
			files = (
			);
			runOnlyForDeploymentPostprocessing = 0;
		};
		FC0B58212923C74500B0C0B8 /* Resources */ = {
			isa = PBXResourcesBuildPhase;
			buildActionMask = 2147483647;
			files = (
			);
			runOnlyForDeploymentPostprocessing = 0;
		};
/* End PBXResourcesBuildPhase section */

/* Begin PBXSourcesBuildPhase section */
		FC0B58052923C74400B0C0B8 /* Sources */ = {
			isa = PBXSourcesBuildPhase;
			buildActionMask = 2147483647;
			files = (
				FC0B583E2923CF5500B0C0B8 /* FrameManager.swift in Sources */,
				FC0B58382923C78600B0C0B8 /* FrameView.swift in Sources */,
				FC0B58412923D01900B0C0B8 /* ContentViewModel.swift in Sources */,
				FC0B580F2923C74400B0C0B8 /* ContentView.swift in Sources */,
				FC0B583C2923C85E00B0C0B8 /* CameraManager.swift in Sources */,
				FC0B580D2923C74400B0C0B8 /* SwiftUICombineCameraApp.swift in Sources */,
			);
			runOnlyForDeploymentPostprocessing = 0;
		};
		FC0B58152923C74500B0C0B8 /* Sources */ = {
			isa = PBXSourcesBuildPhase;
			buildActionMask = 2147483647;
			files = (
				FC0B581E2923C74500B0C0B8 /* SwiftUICombineCameraTests.swift in Sources */,
			);
			runOnlyForDeploymentPostprocessing = 0;
		};
		FC0B581F2923C74500B0C0B8 /* Sources */ = {
			isa = PBXSourcesBuildPhase;
			buildActionMask = 2147483647;
			files = (
				FC0B58282923C74500B0C0B8 /* SwiftUICombineCameraUITests.swift in Sources */,
				FC0B582A2923C74500B0C0B8 /* SwiftUICombineCameraUITestsLaunchTests.swift in Sources */,
			);
			runOnlyForDeploymentPostprocessing = 0;
		};
/* End PBXSourcesBuildPhase section */

/* Begin PBXTargetDependency section */
		FC0B581B2923C74500B0C0B8 /* PBXTargetDependency */ = {
			isa = PBXTargetDependency;
			target = FC0B58082923C74400B0C0B8 /* SwiftUICombineCamera */;
			targetProxy = FC0B581A2923C74500B0C0B8 /* PBXContainerItemProxy */;
		};
		FC0B58252923C74500B0C0B8 /* PBXTargetDependency */ = {
			isa = PBXTargetDependency;
			target = FC0B58082923C74400B0C0B8 /* SwiftUICombineCamera */;
			targetProxy = FC0B58242923C74500B0C0B8 /* PBXContainerItemProxy */;
		};
/* End PBXTargetDependency section */

/* Begin XCBuildConfiguration section */
		FC0B582B2923C74500B0C0B8 /* Debug */ = {
			isa = XCBuildConfiguration;
			buildSettings = {
				ALWAYS_SEARCH_USER_PATHS = NO;
				CLANG_ANALYZER_NONNULL = YES;
				CLANG_ANALYZER_NUMBER_OBJECT_CONVERSION = YES_AGGRESSIVE;
				CLANG_CXX_LANGUAGE_STANDARD = "gnu++20";
				CLANG_ENABLE_MODULES = YES;
				CLANG_ENABLE_OBJC_ARC = YES;
				CLANG_ENABLE_OBJC_WEAK = YES;
				CLANG_WARN_BLOCK_CAPTURE_AUTORELEASING = YES;
				CLANG_WARN_BOOL_CONVERSION = YES;
				CLANG_WARN_COMMA = YES;
				CLANG_WARN_CONSTANT_CONVERSION = YES;
				CLANG_WARN_DEPRECATED_OBJC_IMPLEMENTATIONS = YES;
				CLANG_WARN_DIRECT_OBJC_ISA_USAGE = YES_ERROR;
				CLANG_WARN_DOCUMENTATION_COMMENTS = YES;
				CLANG_WARN_EMPTY_BODY = YES;
				CLANG_WARN_ENUM_CONVERSION = YES;
				CLANG_WARN_INFINITE_RECURSION = YES;
				CLANG_WARN_INT_CONVERSION = YES;
				CLANG_WARN_NON_LITERAL_NULL_CONVERSION = YES;
				CLANG_WARN_OBJC_IMPLICIT_RETAIN_SELF = YES;
				CLANG_WARN_OBJC_LITERAL_CONVERSION = YES;
				CLANG_WARN_OBJC_ROOT_CLASS = YES_ERROR;
				CLANG_WARN_QUOTED_INCLUDE_IN_FRAMEWORK_HEADER = YES;
				CLANG_WARN_RANGE_LOOP_ANALYSIS = YES;
				CLANG_WARN_STRICT_PROTOTYPES = YES;
				CLANG_WARN_SUSPICIOUS_MOVE = YES;
				CLANG_WARN_UNGUARDED_AVAILABILITY = YES_AGGRESSIVE;
				CLANG_WARN_UNREACHABLE_CODE = YES;
				CLANG_WARN__DUPLICATE_METHOD_MATCH = YES;
				COPY_PHASE_STRIP = NO;
				DEBUG_INFORMATION_FORMAT = dwarf;
				ENABLE_STRICT_OBJC_MSGSEND = YES;
				ENABLE_TESTABILITY = YES;
				GCC_C_LANGUAGE_STANDARD = gnu11;
				GCC_DYNAMIC_NO_PIC = NO;
				GCC_NO_COMMON_BLOCKS = YES;
				GCC_OPTIMIZATION_LEVEL = 0;
				GCC_PREPROCESSOR_DEFINITIONS = (
					"DEBUG=1",
					"$(inherited)",
				);
				GCC_WARN_64_TO_32_BIT_CONVERSION = YES;
				GCC_WARN_ABOUT_RETURN_TYPE = YES_ERROR;
				GCC_WARN_UNDECLARED_SELECTOR = YES;
				GCC_WARN_UNINITIALIZED_AUTOS = YES_AGGRESSIVE;
				GCC_WARN_UNUSED_FUNCTION = YES;
				GCC_WARN_UNUSED_VARIABLE = YES;
				IPHONEOS_DEPLOYMENT_TARGET = 16.0;
				MTL_ENABLE_DEBUG_INFO = INCLUDE_SOURCE;
				MTL_FAST_MATH = YES;
				ONLY_ACTIVE_ARCH = YES;
				SDKROOT = iphoneos;
				SWIFT_ACTIVE_COMPILATION_CONDITIONS = DEBUG;
				SWIFT_OPTIMIZATION_LEVEL = "-Onone";
			};
			name = Debug;
		};
		FC0B582C2923C74500B0C0B8 /* Release */ = {
			isa = XCBuildConfiguration;
			buildSettings = {
				ALWAYS_SEARCH_USER_PATHS = NO;
				CLANG_ANALYZER_NONNULL = YES;
				CLANG_ANALYZER_NUMBER_OBJECT_CONVERSION = YES_AGGRESSIVE;
				CLANG_CXX_LANGUAGE_STANDARD = "gnu++20";
				CLANG_ENABLE_MODULES = YES;
				CLANG_ENABLE_OBJC_ARC = YES;
				CLANG_ENABLE_OBJC_WEAK = YES;
				CLANG_WARN_BLOCK_CAPTURE_AUTORELEASING = YES;
				CLANG_WARN_BOOL_CONVERSION = YES;
				CLANG_WARN_COMMA = YES;
				CLANG_WARN_CONSTANT_CONVERSION = YES;
				CLANG_WARN_DEPRECATED_OBJC_IMPLEMENTATIONS = YES;
				CLANG_WARN_DIRECT_OBJC_ISA_USAGE = YES_ERROR;
				CLANG_WARN_DOCUMENTATION_COMMENTS = YES;
				CLANG_WARN_EMPTY_BODY = YES;
				CLANG_WARN_ENUM_CONVERSION = YES;
				CLANG_WARN_INFINITE_RECURSION = YES;
				CLANG_WARN_INT_CONVERSION = YES;
				CLANG_WARN_NON_LITERAL_NULL_CONVERSION = YES;
				CLANG_WARN_OBJC_IMPLICIT_RETAIN_SELF = YES;
				CLANG_WARN_OBJC_LITERAL_CONVERSION = YES;
				CLANG_WARN_OBJC_ROOT_CLASS = YES_ERROR;
				CLANG_WARN_QUOTED_INCLUDE_IN_FRAMEWORK_HEADER = YES;
				CLANG_WARN_RANGE_LOOP_ANALYSIS = YES;
				CLANG_WARN_STRICT_PROTOTYPES = YES;
				CLANG_WARN_SUSPICIOUS_MOVE = YES;
				CLANG_WARN_UNGUARDED_AVAILABILITY = YES_AGGRESSIVE;
				CLANG_WARN_UNREACHABLE_CODE = YES;
				CLANG_WARN__DUPLICATE_METHOD_MATCH = YES;
				COPY_PHASE_STRIP = NO;
				DEBUG_INFORMATION_FORMAT = "dwarf-with-dsym";
				ENABLE_NS_ASSERTIONS = NO;
				ENABLE_STRICT_OBJC_MSGSEND = YES;
				GCC_C_LANGUAGE_STANDARD = gnu11;
				GCC_NO_COMMON_BLOCKS = YES;
				GCC_WARN_64_TO_32_BIT_CONVERSION = YES;
				GCC_WARN_ABOUT_RETURN_TYPE = YES_ERROR;
				GCC_WARN_UNDECLARED_SELECTOR = YES;
				GCC_WARN_UNINITIALIZED_AUTOS = YES_AGGRESSIVE;
				GCC_WARN_UNUSED_FUNCTION = YES;
				GCC_WARN_UNUSED_VARIABLE = YES;
				IPHONEOS_DEPLOYMENT_TARGET = 16.0;
				MTL_ENABLE_DEBUG_INFO = NO;
				MTL_FAST_MATH = YES;
				SDKROOT = iphoneos;
				SWIFT_COMPILATION_MODE = wholemodule;
				SWIFT_OPTIMIZATION_LEVEL = "-O";
				VALIDATE_PRODUCT = YES;
			};
			name = Release;
		};
		FC0B582E2923C74500B0C0B8 /* Debug */ = {
			isa = XCBuildConfiguration;
			buildSettings = {
				ASSETCATALOG_COMPILER_APPICON_NAME = AppIcon;
				ASSETCATALOG_COMPILER_GLOBAL_ACCENT_COLOR_NAME = AccentColor;
				CODE_SIGN_STYLE = Automatic;
				CURRENT_PROJECT_VERSION = 1;
				DEVELOPMENT_ASSET_PATHS = "\"SwiftUICombineCamera/Preview Content\"";
				DEVELOPMENT_TEAM = XH23A9QCBW;
				ENABLE_PREVIEWS = YES;
				GENERATE_INFOPLIST_FILE = YES;
				INFOPLIST_KEY_NSCameraUsageDescription = "너찍을꺼야";
				INFOPLIST_KEY_UIApplicationSceneManifest_Generation = YES;
				INFOPLIST_KEY_UIApplicationSupportsIndirectInputEvents = YES;
				INFOPLIST_KEY_UILaunchScreen_Generation = YES;
				INFOPLIST_KEY_UISupportedInterfaceOrientations_iPad = "UIInterfaceOrientationPortrait UIInterfaceOrientationPortraitUpsideDown UIInterfaceOrientationLandscapeLeft UIInterfaceOrientationLandscapeRight";
				INFOPLIST_KEY_UISupportedInterfaceOrientations_iPhone = "UIInterfaceOrientationPortrait UIInterfaceOrientationLandscapeLeft UIInterfaceOrientationLandscapeRight";
				IPHONEOS_DEPLOYMENT_TARGET = 14.0;
				LD_RUNPATH_SEARCH_PATHS = (
					"$(inherited)",
					"@executable_path/Frameworks",
				);
				MARKETING_VERSION = 1.0;
				PRODUCT_BUNDLE_IDENTIFIER = kr.co.11st.mobile.inhouse;
				PRODUCT_NAME = "$(TARGET_NAME)";
				SWIFT_EMIT_LOC_STRINGS = YES;
				SWIFT_VERSION = 5.0;
				TARGETED_DEVICE_FAMILY = "1,2";
			};
			name = Debug;
		};
		FC0B582F2923C74500B0C0B8 /* Release */ = {
			isa = XCBuildConfiguration;
			buildSettings = {
				ASSETCATALOG_COMPILER_APPICON_NAME = AppIcon;
				ASSETCATALOG_COMPILER_GLOBAL_ACCENT_COLOR_NAME = AccentColor;
				CODE_SIGN_STYLE = Automatic;
				CURRENT_PROJECT_VERSION = 1;
				DEVELOPMENT_ASSET_PATHS = "\"SwiftUICombineCamera/Preview Content\"";
				DEVELOPMENT_TEAM = XH23A9QCBW;
				ENABLE_PREVIEWS = YES;
				GENERATE_INFOPLIST_FILE = YES;
				INFOPLIST_KEY_NSCameraUsageDescription = "너찍을꺼야";
				INFOPLIST_KEY_UIApplicationSceneManifest_Generation = YES;
				INFOPLIST_KEY_UIApplicationSupportsIndirectInputEvents = YES;
				INFOPLIST_KEY_UILaunchScreen_Generation = YES;
				INFOPLIST_KEY_UISupportedInterfaceOrientations_iPad = "UIInterfaceOrientationPortrait UIInterfaceOrientationPortraitUpsideDown UIInterfaceOrientationLandscapeLeft UIInterfaceOrientationLandscapeRight";
				INFOPLIST_KEY_UISupportedInterfaceOrientations_iPhone = "UIInterfaceOrientationPortrait UIInterfaceOrientationLandscapeLeft UIInterfaceOrientationLandscapeRight";
				IPHONEOS_DEPLOYMENT_TARGET = 14.0;
				LD_RUNPATH_SEARCH_PATHS = (
					"$(inherited)",
					"@executable_path/Frameworks",
				);
				MARKETING_VERSION = 1.0;
				PRODUCT_BUNDLE_IDENTIFIER = kr.co.11st.mobile.inhouse;
				PRODUCT_NAME = "$(TARGET_NAME)";
				SWIFT_EMIT_LOC_STRINGS = YES;
				SWIFT_VERSION = 5.0;
				TARGETED_DEVICE_FAMILY = "1,2";
			};
			name = Release;
		};
		FC0B58312923C74500B0C0B8 /* Debug */ = {
			isa = XCBuildConfiguration;
			buildSettings = {
				ALWAYS_EMBED_SWIFT_STANDARD_LIBRARIES = YES;
				BUNDLE_LOADER = "$(TEST_HOST)";
				CODE_SIGN_STYLE = Automatic;
				CURRENT_PROJECT_VERSION = 1;
				GENERATE_INFOPLIST_FILE = YES;
				IPHONEOS_DEPLOYMENT_TARGET = 16.0;
				MARKETING_VERSION = 1.0;
				PRODUCT_BUNDLE_IDENTIFIER = daeun.SwiftUICombineCameraTests;
				PRODUCT_NAME = "$(TARGET_NAME)";
				SWIFT_EMIT_LOC_STRINGS = NO;
				SWIFT_VERSION = 5.0;
				TARGETED_DEVICE_FAMILY = "1,2";
				TEST_HOST = "$(BUILT_PRODUCTS_DIR)/SwiftUICombineCamera.app/$(BUNDLE_EXECUTABLE_FOLDER_PATH)/SwiftUICombineCamera";
			};
			name = Debug;
		};
		FC0B58322923C74500B0C0B8 /* Release */ = {
			isa = XCBuildConfiguration;
			buildSettings = {
				ALWAYS_EMBED_SWIFT_STANDARD_LIBRARIES = YES;
				BUNDLE_LOADER = "$(TEST_HOST)";
				CODE_SIGN_STYLE = Automatic;
				CURRENT_PROJECT_VERSION = 1;
				GENERATE_INFOPLIST_FILE = YES;
				IPHONEOS_DEPLOYMENT_TARGET = 16.0;
				MARKETING_VERSION = 1.0;
				PRODUCT_BUNDLE_IDENTIFIER = daeun.SwiftUICombineCameraTests;
				PRODUCT_NAME = "$(TARGET_NAME)";
				SWIFT_EMIT_LOC_STRINGS = NO;
				SWIFT_VERSION = 5.0;
				TARGETED_DEVICE_FAMILY = "1,2";
				TEST_HOST = "$(BUILT_PRODUCTS_DIR)/SwiftUICombineCamera.app/$(BUNDLE_EXECUTABLE_FOLDER_PATH)/SwiftUICombineCamera";
			};
			name = Release;
		};
		FC0B58342923C74500B0C0B8 /* Debug */ = {
			isa = XCBuildConfiguration;
			buildSettings = {
				ALWAYS_EMBED_SWIFT_STANDARD_LIBRARIES = YES;
				CODE_SIGN_STYLE = Automatic;
				CURRENT_PROJECT_VERSION = 1;
				GENERATE_INFOPLIST_FILE = YES;
				MARKETING_VERSION = 1.0;
				PRODUCT_BUNDLE_IDENTIFIER = daeun.SwiftUICombineCameraUITests;
				PRODUCT_NAME = "$(TARGET_NAME)";
				SWIFT_EMIT_LOC_STRINGS = NO;
				SWIFT_VERSION = 5.0;
				TARGETED_DEVICE_FAMILY = "1,2";
				TEST_TARGET_NAME = SwiftUICombineCamera;
			};
			name = Debug;
		};
		FC0B58352923C74500B0C0B8 /* Release */ = {
			isa = XCBuildConfiguration;
			buildSettings = {
				ALWAYS_EMBED_SWIFT_STANDARD_LIBRARIES = YES;
				CODE_SIGN_STYLE = Automatic;
				CURRENT_PROJECT_VERSION = 1;
				GENERATE_INFOPLIST_FILE = YES;
				MARKETING_VERSION = 1.0;
				PRODUCT_BUNDLE_IDENTIFIER = daeun.SwiftUICombineCameraUITests;
				PRODUCT_NAME = "$(TARGET_NAME)";
				SWIFT_EMIT_LOC_STRINGS = NO;
				SWIFT_VERSION = 5.0;
				TARGETED_DEVICE_FAMILY = "1,2";
				TEST_TARGET_NAME = SwiftUICombineCamera;
			};
			name = Release;
		};
/* End XCBuildConfiguration section */

/* Begin XCConfigurationList section */
		FC0B58042923C74400B0C0B8 /* Build configuration list for PBXProject "SwiftUICombineCamera" */ = {
			isa = XCConfigurationList;
			buildConfigurations = (
				FC0B582B2923C74500B0C0B8 /* Debug */,
				FC0B582C2923C74500B0C0B8 /* Release */,
			);
			defaultConfigurationIsVisible = 0;
			defaultConfigurationName = Release;
		};
		FC0B582D2923C74500B0C0B8 /* Build configuration list for PBXNativeTarget "SwiftUICombineCamera" */ = {
			isa = XCConfigurationList;
			buildConfigurations = (
				FC0B582E2923C74500B0C0B8 /* Debug */,
				FC0B582F2923C74500B0C0B8 /* Release */,
			);
			defaultConfigurationIsVisible = 0;
			defaultConfigurationName = Release;
		};
		FC0B58302923C74500B0C0B8 /* Build configuration list for PBXNativeTarget "SwiftUICombineCameraTests" */ = {
			isa = XCConfigurationList;
			buildConfigurations = (
				FC0B58312923C74500B0C0B8 /* Debug */,
				FC0B58322923C74500B0C0B8 /* Release */,
			);
			defaultConfigurationIsVisible = 0;
			defaultConfigurationName = Release;
		};
		FC0B58332923C74500B0C0B8 /* Build configuration list for PBXNativeTarget "SwiftUICombineCameraUITests" */ = {
			isa = XCConfigurationList;
			buildConfigurations = (
				FC0B58342923C74500B0C0B8 /* Debug */,
				FC0B58352923C74500B0C0B8 /* Release */,
			);
			defaultConfigurationIsVisible = 0;
			defaultConfigurationName = Release;
		};
/* End XCConfigurationList section */
	};
	rootObject = FC0B58012923C74400B0C0B8 /* Project object */;
}
